// !$*UTF8*$!
{
	archiveVersion = 1;
	classes = {
	};
	objectVersion = 46;
	objects = {

/* Begin PBXBuildFile section */
		28752808E181DD0FB6FDDFF0 /* Pods_SajooWeatherTests.framework in Frameworks */ = {isa = PBXBuildFile; fileRef = B16F8461D428DF44CFB3D78B /* Pods_SajooWeatherTests.framework */; };
		7563DF15BE8DC4EEE158D435 /* Pods_SajooWeatherUITests.framework in Frameworks */ = {isa = PBXBuildFile; fileRef = 7DBAD43E61C93CF85CDB827B /* Pods_SajooWeatherUITests.framework */; };
		A718F3ADD5F618843FE5A8CE /* Pods_SajooWeather.framework in Frameworks */ = {isa = PBXBuildFile; fileRef = EF85D1198763EEAE9A96CE9A /* Pods_SajooWeather.framework */; };
		D1ABEB861F3852920068476A /* AppDelegate.swift in Sources */ = {isa = PBXBuildFile; fileRef = D1ABEB851F3852920068476A /* AppDelegate.swift */; };
		D1ABEB881F3852920068476A /* MainVC.swift in Sources */ = {isa = PBXBuildFile; fileRef = D1ABEB871F3852920068476A /* MainVC.swift */; };
		D1ABEB8B1F3852920068476A /* Main.storyboard in Resources */ = {isa = PBXBuildFile; fileRef = D1ABEB891F3852920068476A /* Main.storyboard */; };
		D1ABEB8D1F3852920068476A /* Assets.xcassets in Resources */ = {isa = PBXBuildFile; fileRef = D1ABEB8C1F3852920068476A /* Assets.xcassets */; };
		D1ABEB901F3852920068476A /* LaunchScreen.storyboard in Resources */ = {isa = PBXBuildFile; fileRef = D1ABEB8E1F3852920068476A /* LaunchScreen.storyboard */; };
		D1ABEB9B1F3852920068476A /* SajooWeatherTests.swift in Sources */ = {isa = PBXBuildFile; fileRef = D1ABEB9A1F3852920068476A /* SajooWeatherTests.swift */; };
		D1ABEBA61F3852920068476A /* SajooWeatherUITests.swift in Sources */ = {isa = PBXBuildFile; fileRef = D1ABEBA51F3852920068476A /* SajooWeatherUITests.swift */; };
		D1D3DB621F3ABB9E0082325D /* A_Soraya.ttf in Resources */ = {isa = PBXBuildFile; fileRef = D1D3DB611F3ABB9E0082325D /* A_Soraya.ttf */; };
		D1D3DB671F3AD6B60082325D /* CurrentWeatherClass.swift in Sources */ = {isa = PBXBuildFile; fileRef = D1D3DB661F3AD6B60082325D /* CurrentWeatherClass.swift */; };
		D1D3DB691F3ADE3C0082325D /* CurrentWeatherGatherer.swift in Sources */ = {isa = PBXBuildFile; fileRef = D1D3DB681F3ADE3C0082325D /* CurrentWeatherGatherer.swift */; };
		D1D3DB6B1F3AEBEB0082325D /* Constants.swift in Sources */ = {isa = PBXBuildFile; fileRef = D1D3DB6A1F3AEBEB0082325D /* Constants.swift */; };
/* End PBXBuildFile section */

/* Begin PBXContainerItemProxy section */
		D1ABEB971F3852920068476A /* PBXContainerItemProxy */ = {
			isa = PBXContainerItemProxy;
			containerPortal = D1ABEB7A1F3852920068476A /* Project object */;
			proxyType = 1;
			remoteGlobalIDString = D1ABEB811F3852920068476A;
			remoteInfo = SajooWeather;
		};
		D1ABEBA21F3852920068476A /* PBXContainerItemProxy */ = {
			isa = PBXContainerItemProxy;
			containerPortal = D1ABEB7A1F3852920068476A /* Project object */;
			proxyType = 1;
			remoteGlobalIDString = D1ABEB811F3852920068476A;
			remoteInfo = SajooWeather;
		};
/* End PBXContainerItemProxy section */

/* Begin PBXFileReference section */
		7DBAD43E61C93CF85CDB827B /* Pods_SajooWeatherUITests.framework */ = {isa = PBXFileReference; explicitFileType = wrapper.framework; includeInIndex = 0; path = Pods_SajooWeatherUITests.framework; sourceTree = BUILT_PRODUCTS_DIR; };
		B16F8461D428DF44CFB3D78B /* Pods_SajooWeatherTests.framework */ = {isa = PBXFileReference; explicitFileType = wrapper.framework; includeInIndex = 0; path = Pods_SajooWeatherTests.framework; sourceTree = BUILT_PRODUCTS_DIR; };
		C0193A3FC70F0FDC48AE780A /* Pods-SajooWeather.release.xcconfig */ = {isa = PBXFileReference; includeInIndex = 1; lastKnownFileType = text.xcconfig; name = "Pods-SajooWeather.release.xcconfig"; path = "Pods/Target Support Files/Pods-SajooWeather/Pods-SajooWeather.release.xcconfig"; sourceTree = "<group>"; };
		C5C07D3C2A86020B3A2FDFF5 /* Pods-SajooWeatherTests.debug.xcconfig */ = {isa = PBXFileReference; includeInIndex = 1; lastKnownFileType = text.xcconfig; name = "Pods-SajooWeatherTests.debug.xcconfig"; path = "Pods/Target Support Files/Pods-SajooWeatherTests/Pods-SajooWeatherTests.debug.xcconfig"; sourceTree = "<group>"; };
		C9B10E5596E0D01F998EE8E2 /* Pods-SajooWeatherTests.release.xcconfig */ = {isa = PBXFileReference; includeInIndex = 1; lastKnownFileType = text.xcconfig; name = "Pods-SajooWeatherTests.release.xcconfig"; path = "Pods/Target Support Files/Pods-SajooWeatherTests/Pods-SajooWeatherTests.release.xcconfig"; sourceTree = "<group>"; };
		CE12C228FABB992916EE9B72 /* Pods-SajooWeatherUITests.release.xcconfig */ = {isa = PBXFileReference; includeInIndex = 1; lastKnownFileType = text.xcconfig; name = "Pods-SajooWeatherUITests.release.xcconfig"; path = "Pods/Target Support Files/Pods-SajooWeatherUITests/Pods-SajooWeatherUITests.release.xcconfig"; sourceTree = "<group>"; };
		D1ABEB821F3852920068476A /* SajooWeather.app */ = {isa = PBXFileReference; explicitFileType = wrapper.application; includeInIndex = 0; path = SajooWeather.app; sourceTree = BUILT_PRODUCTS_DIR; };
		D1ABEB851F3852920068476A /* AppDelegate.swift */ = {isa = PBXFileReference; lastKnownFileType = sourcecode.swift; path = AppDelegate.swift; sourceTree = "<group>"; };
		D1ABEB871F3852920068476A /* MainVC.swift */ = {isa = PBXFileReference; lastKnownFileType = sourcecode.swift; path = MainVC.swift; sourceTree = "<group>"; };
		D1ABEB8A1F3852920068476A /* Base */ = {isa = PBXFileReference; lastKnownFileType = file.storyboard; name = Base; path = Base.lproj/Main.storyboard; sourceTree = "<group>"; };
		D1ABEB8C1F3852920068476A /* Assets.xcassets */ = {isa = PBXFileReference; lastKnownFileType = folder.assetcatalog; path = Assets.xcassets; sourceTree = "<group>"; };
		D1ABEB8F1F3852920068476A /* Base */ = {isa = PBXFileReference; lastKnownFileType = file.storyboard; name = Base; path = Base.lproj/LaunchScreen.storyboard; sourceTree = "<group>"; };
		D1ABEB911F3852920068476A /* Info.plist */ = {isa = PBXFileReference; lastKnownFileType = text.plist.xml; path = Info.plist; sourceTree = "<group>"; };
		D1ABEB961F3852920068476A /* SajooWeatherTests.xctest */ = {isa = PBXFileReference; explicitFileType = wrapper.cfbundle; includeInIndex = 0; path = SajooWeatherTests.xctest; sourceTree = BUILT_PRODUCTS_DIR; };
		D1ABEB9A1F3852920068476A /* SajooWeatherTests.swift */ = {isa = PBXFileReference; lastKnownFileType = sourcecode.swift; path = SajooWeatherTests.swift; sourceTree = "<group>"; };
		D1ABEB9C1F3852920068476A /* Info.plist */ = {isa = PBXFileReference; lastKnownFileType = text.plist.xml; path = Info.plist; sourceTree = "<group>"; };
		D1ABEBA11F3852920068476A /* SajooWeatherUITests.xctest */ = {isa = PBXFileReference; explicitFileType = wrapper.cfbundle; includeInIndex = 0; path = SajooWeatherUITests.xctest; sourceTree = BUILT_PRODUCTS_DIR; };
		D1ABEBA51F3852920068476A /* SajooWeatherUITests.swift */ = {isa = PBXFileReference; lastKnownFileType = sourcecode.swift; path = SajooWeatherUITests.swift; sourceTree = "<group>"; };
		D1ABEBA71F3852920068476A /* Info.plist */ = {isa = PBXFileReference; lastKnownFileType = text.plist.xml; path = Info.plist; sourceTree = "<group>"; };
		D1D3DB611F3ABB9E0082325D /* A_Soraya.ttf */ = {isa = PBXFileReference; lastKnownFileType = file; path = A_Soraya.ttf; sourceTree = "<group>"; };
		D1D3DB661F3AD6B60082325D /* CurrentWeatherClass.swift */ = {isa = PBXFileReference; fileEncoding = 4; lastKnownFileType = sourcecode.swift; path = CurrentWeatherClass.swift; sourceTree = "<group>"; };
		D1D3DB681F3ADE3C0082325D /* CurrentWeatherGatherer.swift */ = {isa = PBXFileReference; fileEncoding = 4; lastKnownFileType = sourcecode.swift; path = CurrentWeatherGatherer.swift; sourceTree = "<group>"; };
		D1D3DB6A1F3AEBEB0082325D /* Constants.swift */ = {isa = PBXFileReference; fileEncoding = 4; lastKnownFileType = sourcecode.swift; path = Constants.swift; sourceTree = "<group>"; };
		D42C3F04AFEAE7D359A65623 /* Pods-SajooWeather.debug.xcconfig */ = {isa = PBXFileReference; includeInIndex = 1; lastKnownFileType = text.xcconfig; name = "Pods-SajooWeather.debug.xcconfig"; path = "Pods/Target Support Files/Pods-SajooWeather/Pods-SajooWeather.debug.xcconfig"; sourceTree = "<group>"; };
		EF85D1198763EEAE9A96CE9A /* Pods_SajooWeather.framework */ = {isa = PBXFileReference; explicitFileType = wrapper.framework; includeInIndex = 0; path = Pods_SajooWeather.framework; sourceTree = BUILT_PRODUCTS_DIR; };
		FD4C9AD6C2D92FC091F5CF56 /* Pods-SajooWeatherUITests.debug.xcconfig */ = {isa = PBXFileReference; includeInIndex = 1; lastKnownFileType = text.xcconfig; name = "Pods-SajooWeatherUITests.debug.xcconfig"; path = "Pods/Target Support Files/Pods-SajooWeatherUITests/Pods-SajooWeatherUITests.debug.xcconfig"; sourceTree = "<group>"; };
/* End PBXFileReference section */

/* Begin PBXFrameworksBuildPhase section */
		D1ABEB7F1F3852920068476A /* Frameworks */ = {
			isa = PBXFrameworksBuildPhase;
			buildActionMask = 2147483647;
			files = (
				A718F3ADD5F618843FE5A8CE /* Pods_SajooWeather.framework in Frameworks */,
			);
			runOnlyForDeploymentPostprocessing = 0;
		};
		D1ABEB931F3852920068476A /* Frameworks */ = {
			isa = PBXFrameworksBuildPhase;
			buildActionMask = 2147483647;
			files = (
				28752808E181DD0FB6FDDFF0 /* Pods_SajooWeatherTests.framework in Frameworks */,
			);
			runOnlyForDeploymentPostprocessing = 0;
		};
		D1ABEB9E1F3852920068476A /* Frameworks */ = {
			isa = PBXFrameworksBuildPhase;
			buildActionMask = 2147483647;
			files = (
				7563DF15BE8DC4EEE158D435 /* Pods_SajooWeatherUITests.framework in Frameworks */,
			);
			runOnlyForDeploymentPostprocessing = 0;
		};
/* End PBXFrameworksBuildPhase section */

/* Begin PBXGroup section */
		3B85D60929CF1D7F2BDACE36 /* Pods */ = {
			isa = PBXGroup;
			children = (
				D42C3F04AFEAE7D359A65623 /* Pods-SajooWeather.debug.xcconfig */,
				C0193A3FC70F0FDC48AE780A /* Pods-SajooWeather.release.xcconfig */,
				C5C07D3C2A86020B3A2FDFF5 /* Pods-SajooWeatherTests.debug.xcconfig */,
				C9B10E5596E0D01F998EE8E2 /* Pods-SajooWeatherTests.release.xcconfig */,
				FD4C9AD6C2D92FC091F5CF56 /* Pods-SajooWeatherUITests.debug.xcconfig */,
				CE12C228FABB992916EE9B72 /* Pods-SajooWeatherUITests.release.xcconfig */,
			);
			name = Pods;
			sourceTree = "<group>";
		};
		D1ABEB791F3852920068476A = {
			isa = PBXGroup;
			children = (
				D1ABEB841F3852920068476A /* SajooWeather */,
				D1ABEB991F3852920068476A /* SajooWeatherTests */,
				D1ABEBA41F3852920068476A /* SajooWeatherUITests */,
				D1ABEB831F3852920068476A /* Products */,
				3B85D60929CF1D7F2BDACE36 /* Pods */,
				E55890970A5EE19CFE74D3D8 /* Frameworks */,
			);
			sourceTree = "<group>";
		};
		D1ABEB831F3852920068476A /* Products */ = {
			isa = PBXGroup;
			children = (
				D1ABEB821F3852920068476A /* SajooWeather.app */,
				D1ABEB961F3852920068476A /* SajooWeatherTests.xctest */,
				D1ABEBA11F3852920068476A /* SajooWeatherUITests.xctest */,
			);
			name = Products;
			sourceTree = "<group>";
		};
		D1ABEB841F3852920068476A /* SajooWeather */ = {
			isa = PBXGroup;
			children = (
				D1D3DB631F3AD2C20082325D /* Model */,
				D1D3DB641F3AD2CE0082325D /* View */,
				D1D3DB651F3AD2DC0082325D /* Controller */,
				D1ABEB851F3852920068476A /* AppDelegate.swift */,
				D1ABEB891F3852920068476A /* Main.storyboard */,
				D1ABEB8C1F3852920068476A /* Assets.xcassets */,
				D1ABEB8E1F3852920068476A /* LaunchScreen.storyboard */,
				D1ABEB911F3852920068476A /* Info.plist */,
			);
			path = SajooWeather;
			sourceTree = "<group>";
		};
		D1ABEB991F3852920068476A /* SajooWeatherTests */ = {
			isa = PBXGroup;
			children = (
				D1ABEB9A1F3852920068476A /* SajooWeatherTests.swift */,
				D1ABEB9C1F3852920068476A /* Info.plist */,
			);
			path = SajooWeatherTests;
			sourceTree = "<group>";
		};
		D1ABEBA41F3852920068476A /* SajooWeatherUITests */ = {
			isa = PBXGroup;
			children = (
				D1ABEBA51F3852920068476A /* SajooWeatherUITests.swift */,
				D1ABEBA71F3852920068476A /* Info.plist */,
			);
			path = SajooWeatherUITests;
			sourceTree = "<group>";
		};
		D1D3DB631F3AD2C20082325D /* Model */ = {
			isa = PBXGroup;
			children = (
				D1D3DB611F3ABB9E0082325D /* A_Soraya.ttf */,
				D1D3DB6A1F3AEBEB0082325D /* Constants.swift */,
				D1D3DB661F3AD6B60082325D /* CurrentWeatherClass.swift */,
				D1D3DB681F3ADE3C0082325D /* CurrentWeatherGatherer.swift */,
			);
			name = Model;
			sourceTree = "<group>";
		};
		D1D3DB641F3AD2CE0082325D /* View */ = {
			isa = PBXGroup;
			children = (
			);
			name = View;
			sourceTree = "<group>";
		};
		D1D3DB651F3AD2DC0082325D /* Controller */ = {
			isa = PBXGroup;
			children = (
				D1ABEB871F3852920068476A /* MainVC.swift */,
			);
			name = Controller;
			sourceTree = "<group>";
		};
		E55890970A5EE19CFE74D3D8 /* Frameworks */ = {
			isa = PBXGroup;
			children = (
				EF85D1198763EEAE9A96CE9A /* Pods_SajooWeather.framework */,
				B16F8461D428DF44CFB3D78B /* Pods_SajooWeatherTests.framework */,
				7DBAD43E61C93CF85CDB827B /* Pods_SajooWeatherUITests.framework */,
			);
			name = Frameworks;
			sourceTree = "<group>";
		};
/* End PBXGroup section */

/* Begin PBXNativeTarget section */
		D1ABEB811F3852920068476A /* SajooWeather */ = {
			isa = PBXNativeTarget;
			buildConfigurationList = D1ABEBAA1F3852920068476A /* Build configuration list for PBXNativeTarget "SajooWeather" */;
			buildPhases = (
				755CA883A27545AFD79C25BD /* [CP] Check Pods Manifest.lock */,
				D1ABEB7E1F3852920068476A /* Sources */,
				D1ABEB7F1F3852920068476A /* Frameworks */,
				D1ABEB801F3852920068476A /* Resources */,
				A3ECB2EC3426AD6F702E3F6E /* [CP] Embed Pods Frameworks */,
				EFC76A710D446D25D190B4F1 /* [CP] Copy Pods Resources */,
			);
			buildRules = (
			);
			dependencies = (
			);
			name = SajooWeather;
			productName = SajooWeather;
			productReference = D1ABEB821F3852920068476A /* SajooWeather.app */;
			productType = "com.apple.product-type.application";
		};
		D1ABEB951F3852920068476A /* SajooWeatherTests */ = {
			isa = PBXNativeTarget;
			buildConfigurationList = D1ABEBAD1F3852920068476A /* Build configuration list for PBXNativeTarget "SajooWeatherTests" */;
			buildPhases = (
				BE715C4D2459CE48F983023D /* [CP] Check Pods Manifest.lock */,
				D1ABEB921F3852920068476A /* Sources */,
				D1ABEB931F3852920068476A /* Frameworks */,
				D1ABEB941F3852920068476A /* Resources */,
				6F401952001750F62D0F0520 /* [CP] Embed Pods Frameworks */,
				08EA6DA1571D78BAB8DDE3A2 /* [CP] Copy Pods Resources */,
			);
			buildRules = (
			);
			dependencies = (
				D1ABEB981F3852920068476A /* PBXTargetDependency */,
			);
			name = SajooWeatherTests;
			productName = SajooWeatherTests;
			productReference = D1ABEB961F3852920068476A /* SajooWeatherTests.xctest */;
			productType = "com.apple.product-type.bundle.unit-test";
		};
		D1ABEBA01F3852920068476A /* SajooWeatherUITests */ = {
			isa = PBXNativeTarget;
			buildConfigurationList = D1ABEBB01F3852920068476A /* Build configuration list for PBXNativeTarget "SajooWeatherUITests" */;
			buildPhases = (
				D3696A023605D20ABB9CED91 /* [CP] Check Pods Manifest.lock */,
				D1ABEB9D1F3852920068476A /* Sources */,
				D1ABEB9E1F3852920068476A /* Frameworks */,
				D1ABEB9F1F3852920068476A /* Resources */,
				43F18858491C4A5A8F4644ED /* [CP] Embed Pods Frameworks */,
				630FA58EC6BDEB5E2C506AE1 /* [CP] Copy Pods Resources */,
			);
			buildRules = (
			);
			dependencies = (
				D1ABEBA31F3852920068476A /* PBXTargetDependency */,
			);
			name = SajooWeatherUITests;
			productName = SajooWeatherUITests;
			productReference = D1ABEBA11F3852920068476A /* SajooWeatherUITests.xctest */;
			productType = "com.apple.product-type.bundle.ui-testing";
		};
/* End PBXNativeTarget section */

/* Begin PBXProject section */
		D1ABEB7A1F3852920068476A /* Project object */ = {
			isa = PBXProject;
			attributes = {
				LastSwiftUpdateCheck = 0830;
				LastUpgradeCheck = 0830;
				ORGANIZATIONNAME = SajedeNouri;
				TargetAttributes = {
					D1ABEB811F3852920068476A = {
						CreatedOnToolsVersion = 8.3.3;
						ProvisioningStyle = Automatic;
					};
					D1ABEB951F3852920068476A = {
						CreatedOnToolsVersion = 8.3.3;
						ProvisioningStyle = Automatic;
						TestTargetID = D1ABEB811F3852920068476A;
					};
					D1ABEBA01F3852920068476A = {
						CreatedOnToolsVersion = 8.3.3;
						ProvisioningStyle = Automatic;
						TestTargetID = D1ABEB811F3852920068476A;
					};
				};
			};
			buildConfigurationList = D1ABEB7D1F3852920068476A /* Build configuration list for PBXProject "SajooWeather" */;
			compatibilityVersion = "Xcode 3.2";
			developmentRegion = English;
			hasScannedForEncodings = 0;
			knownRegions = (
				en,
				Base,
			);
			mainGroup = D1ABEB791F3852920068476A;
			productRefGroup = D1ABEB831F3852920068476A /* Products */;
			projectDirPath = "";
			projectRoot = "";
			targets = (
				D1ABEB811F3852920068476A /* SajooWeather */,
				D1ABEB951F3852920068476A /* SajooWeatherTests */,
				D1ABEBA01F3852920068476A /* SajooWeatherUITests */,
			);
		};
/* End PBXProject section */

/* Begin PBXResourcesBuildPhase section */
		D1ABEB801F3852920068476A /* Resources */ = {
			isa = PBXResourcesBuildPhase;
			buildActionMask = 2147483647;
			files = (
				D1ABEB901F3852920068476A /* LaunchScreen.storyboard in Resources */,
				D1ABEB8D1F3852920068476A /* Assets.xcassets in Resources */,
				D1ABEB8B1F3852920068476A /* Main.storyboard in Resources */,
				D1D3DB621F3ABB9E0082325D /* A_Soraya.ttf in Resources */,
			);
			runOnlyForDeploymentPostprocessing = 0;
		};
		D1ABEB941F3852920068476A /* Resources */ = {
			isa = PBXResourcesBuildPhase;
			buildActionMask = 2147483647;
			files = (
			);
			runOnlyForDeploymentPostprocessing = 0;
		};
		D1ABEB9F1F3852920068476A /* Resources */ = {
			isa = PBXResourcesBuildPhase;
			buildActionMask = 2147483647;
			files = (
			);
			runOnlyForDeploymentPostprocessing = 0;
		};
/* End PBXResourcesBuildPhase section */

/* Begin PBXShellScriptBuildPhase section */
		08EA6DA1571D78BAB8DDE3A2 /* [CP] Copy Pods Resources */ = {
			isa = PBXShellScriptBuildPhase;
			buildActionMask = 2147483647;
			files = (
			);
			inputPaths = (
			);
			name = "[CP] Copy Pods Resources";
			outputPaths = (
			);
			runOnlyForDeploymentPostprocessing = 0;
			shellPath = /bin/sh;
			shellScript = "\"${SRCROOT}/Pods/Target Support Files/Pods-SajooWeatherTests/Pods-SajooWeatherTests-resources.sh\"\n";
			showEnvVarsInLog = 0;
		};
		43F18858491C4A5A8F4644ED /* [CP] Embed Pods Frameworks */ = {
			isa = PBXShellScriptBuildPhase;
			buildActionMask = 2147483647;
			files = (
			);
			inputPaths = (
			);
			name = "[CP] Embed Pods Frameworks";
			outputPaths = (
			);
			runOnlyForDeploymentPostprocessing = 0;
			shellPath = /bin/sh;
			shellScript = "\"${SRCROOT}/Pods/Target Support Files/Pods-SajooWeatherUITests/Pods-SajooWeatherUITests-frameworks.sh\"\n";
			showEnvVarsInLog = 0;
		};
		630FA58EC6BDEB5E2C506AE1 /* [CP] Copy Pods Resources */ = {
			isa = PBXShellScriptBuildPhase;
			buildActionMask = 2147483647;
			files = (
			);
			inputPaths = (
			);
			name = "[CP] Copy Pods Resources";
			outputPaths = (
			);
			runOnlyForDeploymentPostprocessing = 0;
			shellPath = /bin/sh;
			shellScript = "\"${SRCROOT}/Pods/Target Support Files/Pods-SajooWeatherUITests/Pods-SajooWeatherUITests-resources.sh\"\n";
			showEnvVarsInLog = 0;
		};
		6F401952001750F62D0F0520 /* [CP] Embed Pods Frameworks */ = {
			isa = PBXShellScriptBuildPhase;
			buildActionMask = 2147483647;
			files = (
			);
			inputPaths = (
			);
			name = "[CP] Embed Pods Frameworks";
			outputPaths = (
			);
			runOnlyForDeploymentPostprocessing = 0;
			shellPath = /bin/sh;
			shellScript = "\"${SRCROOT}/Pods/Target Support Files/Pods-SajooWeatherTests/Pods-SajooWeatherTests-frameworks.sh\"\n";
			showEnvVarsInLog = 0;
		};
		755CA883A27545AFD79C25BD /* [CP] Check Pods Manifest.lock */ = {
			isa = PBXShellScriptBuildPhase;
			buildActionMask = 2147483647;
			files = (
			);
			inputPaths = (
				"${PODS_PODFILE_DIR_PATH}/Podfile.lock",
				"${PODS_ROOT}/Manifest.lock",
			);
			name = "[CP] Check Pods Manifest.lock";
			outputPaths = (
				"$(DERIVED_FILE_DIR)/Pods-SajooWeather-checkManifestLockResult.txt",
			);
			runOnlyForDeploymentPostprocessing = 0;
			shellPath = /bin/sh;
			shellScript = "diff \"${PODS_PODFILE_DIR_PATH}/Podfile.lock\" \"${PODS_ROOT}/Manifest.lock\" > /dev/null\nif [ $? != 0 ] ; then\n    # print error to STDERR\n    echo \"error: The sandbox is not in sync with the Podfile.lock. Run 'pod install' or update your CocoaPods installation.\" >&2\n    exit 1\nfi\n# This output is used by Xcode 'outputs' to avoid re-running this script phase.\necho \"SUCCESS\" > \"${SCRIPT_OUTPUT_FILE_0}\"\n";
			showEnvVarsInLog = 0;
		};
		A3ECB2EC3426AD6F702E3F6E /* [CP] Embed Pods Frameworks */ = {
			isa = PBXShellScriptBuildPhase;
			buildActionMask = 2147483647;
			files = (
			);
			inputPaths = (
				"${SRCROOT}/Pods/Target Support Files/Pods-SajooWeather/Pods-SajooWeather-frameworks.sh",
				"${BUILT_PRODUCTS_DIR}/Alamofire/Alamofire.framework",
			);
			name = "[CP] Embed Pods Frameworks";
			outputPaths = (
				"${TARGET_BUILD_DIR}/${FRAMEWORKS_FOLDER_PATH}/Alamofire.framework",
			);
			runOnlyForDeploymentPostprocessing = 0;
			shellPath = /bin/sh;
			shellScript = "\"${SRCROOT}/Pods/Target Support Files/Pods-SajooWeather/Pods-SajooWeather-frameworks.sh\"\n";
			showEnvVarsInLog = 0;
		};
		BE715C4D2459CE48F983023D /* [CP] Check Pods Manifest.lock */ = {
			isa = PBXShellScriptBuildPhase;
			buildActionMask = 2147483647;
			files = (
			);
			inputPaths = (
				"${PODS_PODFILE_DIR_PATH}/Podfile.lock",
				"${PODS_ROOT}/Manifest.lock",
			);
			name = "[CP] Check Pods Manifest.lock";
			outputPaths = (
				"$(DERIVED_FILE_DIR)/Pods-SajooWeatherTests-checkManifestLockResult.txt",
			);
			runOnlyForDeploymentPostprocessing = 0;
			shellPath = /bin/sh;
			shellScript = "diff \"${PODS_PODFILE_DIR_PATH}/Podfile.lock\" \"${PODS_ROOT}/Manifest.lock\" > /dev/null\nif [ $? != 0 ] ; then\n    # print error to STDERR\n    echo \"error: The sandbox is not in sync with the Podfile.lock. Run 'pod install' or update your CocoaPods installation.\" >&2\n    exit 1\nfi\n# This output is used by Xcode 'outputs' to avoid re-running this script phase.\necho \"SUCCESS\" > \"${SCRIPT_OUTPUT_FILE_0}\"\n";
			showEnvVarsInLog = 0;
		};
		D3696A023605D20ABB9CED91 /* [CP] Check Pods Manifest.lock */ = {
			isa = PBXShellScriptBuildPhase;
			buildActionMask = 2147483647;
			files = (
			);
			inputPaths = (
				"${PODS_PODFILE_DIR_PATH}/Podfile.lock",
				"${PODS_ROOT}/Manifest.lock",
			);
			name = "[CP] Check Pods Manifest.lock";
			outputPaths = (
				"$(DERIVED_FILE_DIR)/Pods-SajooWeatherUITests-checkManifestLockResult.txt",
			);
			runOnlyForDeploymentPostprocessing = 0;
			shellPath = /bin/sh;
			shellScript = "diff \"${PODS_PODFILE_DIR_PATH}/Podfile.lock\" \"${PODS_ROOT}/Manifest.lock\" > /dev/null\nif [ $? != 0 ] ; then\n    # print error to STDERR\n    echo \"error: The sandbox is not in sync with the Podfile.lock. Run 'pod install' or update your CocoaPods installation.\" >&2\n    exit 1\nfi\n# This output is used by Xcode 'outputs' to avoid re-running this script phase.\necho \"SUCCESS\" > \"${SCRIPT_OUTPUT_FILE_0}\"\n";
			showEnvVarsInLog = 0;
		};
		EFC76A710D446D25D190B4F1 /* [CP] Copy Pods Resources */ = {
			isa = PBXShellScriptBuildPhase;
			buildActionMask = 2147483647;
			files = (
			);
			inputPaths = (
			);
			name = "[CP] Copy Pods Resources";
			outputPaths = (
			);
			runOnlyForDeploymentPostprocessing = 0;
			shellPath = /bin/sh;
			shellScript = "\"${SRCROOT}/Pods/Target Support Files/Pods-SajooWeather/Pods-SajooWeather-resources.sh\"\n";
			showEnvVarsInLog = 0;
		};
/* End PBXShellScriptBuildPhase section */

/* Begin PBXSourcesBuildPhase section */
		D1ABEB7E1F3852920068476A /* Sources */ = {
			isa = PBXSourcesBuildPhase;
			buildActionMask = 2147483647;
			files = (
				D1D3DB6B1F3AEBEB0082325D /* Constants.swift in Sources */,
				D1D3DB691F3ADE3C0082325D /* CurrentWeatherGatherer.swift in Sources */,
				D1ABEB881F3852920068476A /* MainVC.swift in Sources */,
				D1D3DB671F3AD6B60082325D /* CurrentWeatherClass.swift in Sources */,
				D1ABEB861F3852920068476A /* AppDelegate.swift in Sources */,
			);
			runOnlyForDeploymentPostprocessing = 0;
		};
		D1ABEB921F3852920068476A /* Sources */ = {
			isa = PBXSourcesBuildPhase;
			buildActionMask = 2147483647;
			files = (
				D1ABEB9B1F3852920068476A /* SajooWeatherTests.swift in Sources */,
			);
			runOnlyForDeploymentPostprocessing = 0;
		};
		D1ABEB9D1F3852920068476A /* Sources */ = {
			isa = PBXSourcesBuildPhase;
			buildActionMask = 2147483647;
			files = (
				D1ABEBA61F3852920068476A /* SajooWeatherUITests.swift in Sources */,
			);
			runOnlyForDeploymentPostprocessing = 0;
		};
/* End PBXSourcesBuildPhase section */

/* Begin PBXTargetDependency section */
		D1ABEB981F3852920068476A /* PBXTargetDependency */ = {
			isa = PBXTargetDependency;
			target = D1ABEB811F3852920068476A /* SajooWeather */;
			targetProxy = D1ABEB971F3852920068476A /* PBXContainerItemProxy */;
		};
		D1ABEBA31F3852920068476A /* PBXTargetDependency */ = {
			isa = PBXTargetDependency;
			target = D1ABEB811F3852920068476A /* SajooWeather */;
			targetProxy = D1ABEBA21F3852920068476A /* PBXContainerItemProxy */;
		};
/* End PBXTargetDependency section */

/* Begin PBXVariantGroup section */
		D1ABEB891F3852920068476A /* Main.storyboard */ = {
			isa = PBXVariantGroup;
			children = (
				D1ABEB8A1F3852920068476A /* Base */,
			);
			name = Main.storyboard;
			sourceTree = "<group>";
		};
		D1ABEB8E1F3852920068476A /* LaunchScreen.storyboard */ = {
			isa = PBXVariantGroup;
			children = (
				D1ABEB8F1F3852920068476A /* Base */,
			);
			name = LaunchScreen.storyboard;
			sourceTree = "<group>";
		};
/* End PBXVariantGroup section */

/* Begin XCBuildConfiguration section */
		D1ABEBA81F3852920068476A /* Debug */ = {
			isa = XCBuildConfiguration;
			buildSettings = {
				ALWAYS_SEARCH_USER_PATHS = NO;
				CLANG_ANALYZER_NONNULL = YES;
				CLANG_ANALYZER_NUMBER_OBJECT_CONVERSION = YES_AGGRESSIVE;
				CLANG_CXX_LANGUAGE_STANDARD = "gnu++0x";
				CLANG_CXX_LIBRARY = "libc++";
				CLANG_ENABLE_MODULES = YES;
				CLANG_ENABLE_OBJC_ARC = YES;
				CLANG_WARN_BOOL_CONVERSION = YES;
				CLANG_WARN_CONSTANT_CONVERSION = YES;
				CLANG_WARN_DIRECT_OBJC_ISA_USAGE = YES_ERROR;
				CLANG_WARN_DOCUMENTATION_COMMENTS = YES;
				CLANG_WARN_EMPTY_BODY = YES;
				CLANG_WARN_ENUM_CONVERSION = YES;
				CLANG_WARN_INFINITE_RECURSION = YES;
				CLANG_WARN_INT_CONVERSION = YES;
				CLANG_WARN_OBJC_ROOT_CLASS = YES_ERROR;
				CLANG_WARN_SUSPICIOUS_MOVE = YES;
				CLANG_WARN_UNREACHABLE_CODE = YES;
				CLANG_WARN__DUPLICATE_METHOD_MATCH = YES;
				"CODE_SIGN_IDENTITY[sdk=iphoneos*]" = "iPhone Developer";
				COPY_PHASE_STRIP = NO;
				DEBUG_INFORMATION_FORMAT = dwarf;
				ENABLE_STRICT_OBJC_MSGSEND = YES;
				ENABLE_TESTABILITY = YES;
				GCC_C_LANGUAGE_STANDARD = gnu99;
				GCC_DYNAMIC_NO_PIC = NO;
				GCC_NO_COMMON_BLOCKS = YES;
				GCC_OPTIMIZATION_LEVEL = 0;
				GCC_PREPROCESSOR_DEFINITIONS = (
					"DEBUG=1",
					"$(inherited)",
				);
				GCC_WARN_64_TO_32_BIT_CONVERSION = YES;
				GCC_WARN_ABOUT_RETURN_TYPE = YES_ERROR;
				GCC_WARN_UNDECLARED_SELECTOR = YES;
				GCC_WARN_UNINITIALIZED_AUTOS = YES_AGGRESSIVE;
				GCC_WARN_UNUSED_FUNCTION = YES;
				GCC_WARN_UNUSED_VARIABLE = YES;
				IPHONEOS_DEPLOYMENT_TARGET = 10.3;
				MTL_ENABLE_DEBUG_INFO = YES;
				ONLY_ACTIVE_ARCH = YES;
				SDKROOT = iphoneos;
				SWIFT_ACTIVE_COMPILATION_CONDITIONS = DEBUG;
				SWIFT_OPTIMIZATION_LEVEL = "-Onone";
				TARGETED_DEVICE_FAMILY = "1,2";
			};
			name = Debug;
		};
		D1ABEBA91F3852920068476A /* Release */ = {
			isa = XCBuildConfiguration;
			buildSettings = {
				ALWAYS_SEARCH_USER_PATHS = NO;
				CLANG_ANALYZER_NONNULL = YES;
				CLANG_ANALYZER_NUMBER_OBJECT_CONVERSION = YES_AGGRESSIVE;
				CLANG_CXX_LANGUAGE_STANDARD = "gnu++0x";
				CLANG_CXX_LIBRARY = "libc++";
				CLANG_ENABLE_MODULES = YES;
				CLANG_ENABLE_OBJC_ARC = YES;
				CLANG_WARN_BOOL_CONVERSION = YES;
				CLANG_WARN_CONSTANT_CONVERSION = YES;
				CLANG_WARN_DIRECT_OBJC_ISA_USAGE = YES_ERROR;
				CLANG_WARN_DOCUMENTATION_COMMENTS = YES;
				CLANG_WARN_EMPTY_BODY = YES;
				CLANG_WARN_ENUM_CONVERSION = YES;
				CLANG_WARN_INFINITE_RECURSION = YES;
				CLANG_WARN_INT_CONVERSION = YES;
				CLANG_WARN_OBJC_ROOT_CLASS = YES_ERROR;
				CLANG_WARN_SUSPICIOUS_MOVE = YES;
				CLANG_WARN_UNREACHABLE_CODE = YES;
				CLANG_WARN__DUPLICATE_METHOD_MATCH = YES;
				"CODE_SIGN_IDENTITY[sdk=iphoneos*]" = "iPhone Developer";
				COPY_PHASE_STRIP = NO;
				DEBUG_INFORMATION_FORMAT = "dwarf-with-dsym";
				ENABLE_NS_ASSERTIONS = NO;
				ENABLE_STRICT_OBJC_MSGSEND = YES;
				GCC_C_LANGUAGE_STANDARD = gnu99;
				GCC_NO_COMMON_BLOCKS = YES;
				GCC_WARN_64_TO_32_BIT_CONVERSION = YES;
				GCC_WARN_ABOUT_RETURN_TYPE = YES_ERROR;
				GCC_WARN_UNDECLARED_SELECTOR = YES;
				GCC_WARN_UNINITIALIZED_AUTOS = YES_AGGRESSIVE;
				GCC_WARN_UNUSED_FUNCTION = YES;
				GCC_WARN_UNUSED_VARIABLE = YES;
				IPHONEOS_DEPLOYMENT_TARGET = 10.3;
				MTL_ENABLE_DEBUG_INFO = NO;
				SDKROOT = iphoneos;
				SWIFT_OPTIMIZATION_LEVEL = "-Owholemodule";
				TARGETED_DEVICE_FAMILY = "1,2";
				VALIDATE_PRODUCT = YES;
			};
			name = Release;
		};
		D1ABEBAB1F3852920068476A /* Debug */ = {
			isa = XCBuildConfiguration;
			baseConfigurationReference = D42C3F04AFEAE7D359A65623 /* Pods-SajooWeather.debug.xcconfig */;
			buildSettings = {
				ASSETCATALOG_COMPILER_APPICON_NAME = AppIcon;
				INFOPLIST_FILE = SajooWeather/Info.plist;
				LD_RUNPATH_SEARCH_PATHS = "$(inherited) @executable_path/Frameworks";
				PRODUCT_BUNDLE_IDENTIFIER = com.SajooWeather.SajooWeather;
				PRODUCT_NAME = "$(TARGET_NAME)";
				SWIFT_VERSION = 3.0;
			};
			name = Debug;
		};
		D1ABEBAC1F3852920068476A /* Release */ = {
			isa = XCBuildConfiguration;
			baseConfigurationReference = C0193A3FC70F0FDC48AE780A /* Pods-SajooWeather.release.xcconfig */;
			buildSettings = {
				ASSETCATALOG_COMPILER_APPICON_NAME = AppIcon;
				INFOPLIST_FILE = SajooWeather/Info.plist;
				LD_RUNPATH_SEARCH_PATHS = "$(inherited) @executable_path/Frameworks";
				PRODUCT_BUNDLE_IDENTIFIER = com.SajooWeather.SajooWeather;
				PRODUCT_NAME = "$(TARGET_NAME)";
				SWIFT_VERSION = 3.0;
			};
			name = Release;
		};
		D1ABEBAE1F3852920068476A /* Debug */ = {
			isa = XCBuildConfiguration;
			baseConfigurationReference = C5C07D3C2A86020B3A2FDFF5 /* Pods-SajooWeatherTests.debug.xcconfig */;
			buildSettings = {
				ALWAYS_EMBED_SWIFT_STANDARD_LIBRARIES = YES;
				BUNDLE_LOADER = "$(TEST_HOST)";
				INFOPLIST_FILE = SajooWeatherTests/Info.plist;
				LD_RUNPATH_SEARCH_PATHS = "$(inherited) @executable_path/Frameworks @loader_path/Frameworks";
				PRODUCT_BUNDLE_IDENTIFIER = com.SajooWeather.SajooWeatherTests;
				PRODUCT_NAME = "$(TARGET_NAME)";
				SWIFT_VERSION = 3.0;
				TEST_HOST = "$(BUILT_PRODUCTS_DIR)/SajooWeather.app/SajooWeather";
			};
			name = Debug;
		};
		D1ABEBAF1F3852920068476A /* Release */ = {
			isa = XCBuildConfiguration;
			baseConfigurationReference = C9B10E5596E0D01F998EE8E2 /* Pods-SajooWeatherTests.release.xcconfig */;
			buildSettings = {
				ALWAYS_EMBED_SWIFT_STANDARD_LIBRARIES = YES;
				BUNDLE_LOADER = "$(TEST_HOST)";
				INFOPLIST_FILE = SajooWeatherTests/Info.plist;
				LD_RUNPATH_SEARCH_PATHS = "$(inherited) @executable_path/Frameworks @loader_path/Frameworks";
				PRODUCT_BUNDLE_IDENTIFIER = com.SajooWeather.SajooWeatherTests;
				PRODUCT_NAME = "$(TARGET_NAME)";
				SWIFT_VERSION = 3.0;
				TEST_HOST = "$(BUILT_PRODUCTS_DIR)/SajooWeather.app/SajooWeather";
			};
			name = Release;
		};
		D1ABEBB11F3852920068476A /* Debug */ = {
			isa = XCBuildConfiguration;
			baseConfigurationReference = FD4C9AD6C2D92FC091F5CF56 /* Pods-SajooWeatherUITests.debug.xcconfig */;
			buildSettings = {
				ALWAYS_EMBED_SWIFT_STANDARD_LIBRARIES = YES;
				INFOPLIST_FILE = SajooWeatherUITests/Info.plist;
				LD_RUNPATH_SEARCH_PATHS = "$(inherited) @executable_path/Frameworks @loader_path/Frameworks";
				PRODUCT_BUNDLE_IDENTIFIER = com.SajooWeather.SajooWeatherUITests;
				PRODUCT_NAME = "$(TARGET_NAME)";
				SWIFT_VERSION = 3.0;
				TEST_TARGET_NAME = SajooWeather;
			};
			name = Debug;
		};
		D1ABEBB21F3852920068476A /* Release */ = {
			isa = XCBuildConfiguration;
			baseConfigurationReference = CE12C228FABB992916EE9B72 /* Pods-SajooWeatherUITests.release.xcconfig */;
			buildSettings = {
				ALWAYS_EMBED_SWIFT_STANDARD_LIBRARIES = YES;
				INFOPLIST_FILE = SajooWeatherUITests/Info.plist;
				LD_RUNPATH_SEARCH_PATHS = "$(inherited) @executable_path/Frameworks @loader_path/Frameworks";
				PRODUCT_BUNDLE_IDENTIFIER = com.SajooWeather.SajooWeatherUITests;
				PRODUCT_NAME = "$(TARGET_NAME)";
				SWIFT_VERSION = 3.0;
				TEST_TARGET_NAME = SajooWeather;
			};
			name = Release;
		};
/* End XCBuildConfiguration section */

/* Begin XCConfigurationList section */
		D1ABEB7D1F3852920068476A /* Build configuration list for PBXProject "SajooWeather" */ = {
			isa = XCConfigurationList;
			buildConfigurations = (
				D1ABEBA81F3852920068476A /* Debug */,
				D1ABEBA91F3852920068476A /* Release */,
			);
			defaultConfigurationIsVisible = 0;
			defaultConfigurationName = Release;
		};
		D1ABEBAA1F3852920068476A /* Build configuration list for PBXNativeTarget "SajooWeather" */ = {
			isa = XCConfigurationList;
			buildConfigurations = (
				D1ABEBAB1F3852920068476A /* Debug */,
				D1ABEBAC1F3852920068476A /* Release */,
			);
			defaultConfigurationIsVisible = 0;
			defaultConfigurationName = Release;
		};
		D1ABEBAD1F3852920068476A /* Build configuration list for PBXNativeTarget "SajooWeatherTests" */ = {
			isa = XCConfigurationList;
			buildConfigurations = (
				D1ABEBAE1F3852920068476A /* Debug */,
				D1ABEBAF1F3852920068476A /* Release */,
			);
			defaultConfigurationIsVisible = 0;
			defaultConfigurationName = Release;
		};
		D1ABEBB01F3852920068476A /* Build configuration list for PBXNativeTarget "SajooWeatherUITests" */ = {
			isa = XCConfigurationList;
			buildConfigurations = (
				D1ABEBB11F3852920068476A /* Debug */,
				D1ABEBB21F3852920068476A /* Release */,
			);
			defaultConfigurationIsVisible = 0;
			defaultConfigurationName = Release;
		};
/* End XCConfigurationList section */
	};
	rootObject = D1ABEB7A1F3852920068476A /* Project object */;
}
